
Microsoft Visual Studio Solution File, Format Version 12.00
# Visual Studio Version 17
VisualStudioVersion = 17.5.33414.496
MinimumVisualStudioVersion = 10.0.40219.1
Project("{FAE04EC0-301F-11D3-BF4B-00C04F79EFBC}") = "ConsoleArrays", "ConsoleArrays\ConsoleArrays.csproj", "{816B0DD4-A5DF-469C-9903-CACFA27251DC}"
EndProject
Global
	GlobalSection(SolutionConfigurationPlatforms) = preSolution
		Debug|Any CPU = Debug|Any CPU
		Release|Any CPU = Release|Any CPU
	EndGlobalSection
	GlobalSection(ProjectConfigurationPlatforms) = postSolution
		{816B0DD4-A5DF-469C-9903-CACFA27251DC}.Debug|Any CPU.ActiveCfg = Debug|Any CPU
		{816B0DD4-A5DF-469C-9903-CACFA27251DC}.Debug|Any CPU.Build.0 = Debug|Any CPU
		{816B0DD4-A5DF-469C-9903-CACFA27251DC}.Release|Any CPU.ActiveCfg = Release|Any CPU
		{816B0DD4-A5DF-469C-9903-CACFA27251DC}.Release|Any CPU.Build.0 = Release|Any CPU
	EndGlobalSection
	GlobalSection(SolutionProperties) = preSolution
		HideSolutionNode = FALSE
	EndGlobalSection
	GlobalSection(ExtensibilityGlobals) = postSolution
		SolutionGuid = {B1EBD492-3FA8-4644-9D40-9AB0F0484DAF}
	EndGlobalSection
EndGlobal
